{
  "name": "project",
  "version": "1.0.0",
  "lockfileVersion": 3,
  "requires": true,
  "packages": {
    "": {
      "name": "project",
      "version": "1.0.0",
      "license": "ISC",
      "dependencies": {
        "toaster-js": "^2.2.3"
      }
    },
    "node_modules/toaster-js": {
      "version": "2.2.3",
      "resolved": "https://registry.npmjs.org/toaster-js/-/toaster-js-2.2.3.tgz",
      "integrity": "sha512-WOJNEL6x8tltfDoWmdlJ7BDEWmUVqRHvZ8d+htDaRzwMWHwO83M2p+RKlC9cob2pFjo48xRnsBZzYL413xMN+Q==",
      "license": "MIT"
    }
  }
}
